
Microsoft Visual Studio Solution File, Format Version 12.00
# Visual Studio 15
VisualStudioVersion = 15.0.28010.2046
MinimumVisualStudioVersion = 10.0.40219.1
Project("{8BC9CEB8-8B4A-11D0-8D11-00A0C91BC942}") = "ZigZagEngine", "ZigZagEngine\ZigZagEngine.vcxproj", "{36203138-BF6E-45B3-875A-643E3F02C67B}"
EndProject
Project("{FAE04EC0-301F-11D3-BF4B-00C04F79EFBC}") = "ZigZag", "ZigZag\ZigZag.csproj", "{E69F861E-86A9-46CC-8C18-0634563566C8}"
EndProject
Project("{2150E333-8FDC-42A3-9474-1A3956D46DE8}") = "Solution Items", "Solution Items", "{E9E46C2A-2B4C-4CD8-AF0B-631FA05A49A9}"
	ProjectSection(SolutionItems) = preProject
		MakeSFX.cmd = MakeSFX.cmd
	EndProjectSection
EndProject
Project("{F184B08F-C81C-45F6-A57F-5ABD9991F28F}") = "Ghostscript", "Ghostscript\Ghostscript.vbproj", "{9E93A30A-B74F-4693-A83F-20CD4BF0EE27}"
EndProject
Global
	GlobalSection(SolutionConfigurationPlatforms) = preSolution
		CD_ROM|Any CPU = CD_ROM|Any CPU
		CD_ROM|Mixed Platforms = CD_ROM|Mixed Platforms
		CD_ROM|Win32 = CD_ROM|Win32
		CD_ROM|x64 = CD_ROM|x64
		CD_ROM|x86 = CD_ROM|x86
		Debug|Any CPU = Debug|Any CPU
		Debug|Mixed Platforms = Debug|Mixed Platforms
		Debug|Win32 = Debug|Win32
		Debug|x64 = Debug|x64
		Debug|x86 = Debug|x86
		DVD-5|Any CPU = DVD-5|Any CPU
		DVD-5|Mixed Platforms = DVD-5|Mixed Platforms
		DVD-5|Win32 = DVD-5|Win32
		DVD-5|x64 = DVD-5|x64
		DVD-5|x86 = DVD-5|x86
		Release|Any CPU = Release|Any CPU
		Release|Mixed Platforms = Release|Mixed Platforms
		Release|Win32 = Release|Win32
		Release|x64 = Release|x64
		Release|x86 = Release|x86
		SingleImage|Any CPU = SingleImage|Any CPU
		SingleImage|Mixed Platforms = SingleImage|Mixed Platforms
		SingleImage|Win32 = SingleImage|Win32
		SingleImage|x64 = SingleImage|x64
		SingleImage|x86 = SingleImage|x86
	EndGlobalSection
	GlobalSection(ProjectConfigurationPlatforms) = postSolution
		{36203138-BF6E-45B3-875A-643E3F02C67B}.CD_ROM|Any CPU.ActiveCfg = Debug|Win32
		{36203138-BF6E-45B3-875A-643E3F02C67B}.CD_ROM|Mixed Platforms.ActiveCfg = Release|Win32
		{36203138-BF6E-45B3-875A-643E3F02C67B}.CD_ROM|Mixed Platforms.Build.0 = Release|Win32
		{36203138-BF6E-45B3-875A-643E3F02C67B}.CD_ROM|Win32.ActiveCfg = Release|Win32
		{36203138-BF6E-45B3-875A-643E3F02C67B}.CD_ROM|Win32.Build.0 = Release|Win32
		{36203138-BF6E-45B3-875A-643E3F02C67B}.CD_ROM|x64.ActiveCfg = Release|x64
		{36203138-BF6E-45B3-875A-643E3F02C67B}.CD_ROM|x64.Build.0 = Release|x64
		{36203138-BF6E-45B3-875A-643E3F02C67B}.CD_ROM|x86.ActiveCfg = Release|Win32
		{36203138-BF6E-45B3-875A-643E3F02C67B}.CD_ROM|x86.Build.0 = Release|Win32
		{36203138-BF6E-45B3-875A-643E3F02C67B}.Debug|Any CPU.ActiveCfg = Debug|Win32
		{36203138-BF6E-45B3-875A-643E3F02C67B}.Debug|Mixed Platforms.ActiveCfg = Debug|Win32
		{36203138-BF6E-45B3-875A-643E3F02C67B}.Debug|Mixed Platforms.Build.0 = Debug|Win32
		{36203138-BF6E-45B3-875A-643E3F02C67B}.Debug|Win32.ActiveCfg = Debug|Win32
		{36203138-BF6E-45B3-875A-643E3F02C67B}.Debug|Win32.Build.0 = Debug|Win32
		{36203138-BF6E-45B3-875A-643E3F02C67B}.Debug|x64.ActiveCfg = Debug|x64
		{36203138-BF6E-45B3-875A-643E3F02C67B}.Debug|x64.Build.0 = Debug|x64
		{36203138-BF6E-45B3-875A-643E3F02C67B}.Debug|x86.ActiveCfg = Debug|Win32
		{36203138-BF6E-45B3-875A-643E3F02C67B}.Debug|x86.Build.0 = Debug|Win32
		{36203138-BF6E-45B3-875A-643E3F02C67B}.DVD-5|Any CPU.ActiveCfg = Debug|Win32
		{36203138-BF6E-45B3-875A-643E3F02C67B}.DVD-5|Mixed Platforms.ActiveCfg = Debug|Win32
		{36203138-BF6E-45B3-875A-643E3F02C67B}.DVD-5|Mixed Platforms.Build.0 = Debug|Win32
		{36203138-BF6E-45B3-875A-643E3F02C67B}.DVD-5|Win32.ActiveCfg = Debug|Win32
		{36203138-BF6E-45B3-875A-643E3F02C67B}.DVD-5|Win32.Build.0 = Debug|Win32
		{36203138-BF6E-45B3-875A-643E3F02C67B}.DVD-5|x64.ActiveCfg = Debug|x64
		{36203138-BF6E-45B3-875A-643E3F02C67B}.DVD-5|x64.Build.0 = Debug|x64
		{36203138-BF6E-45B3-875A-643E3F02C67B}.DVD-5|x86.ActiveCfg = Debug|Win32
		{36203138-BF6E-45B3-875A-643E3F02C67B}.DVD-5|x86.Build.0 = Debug|Win32
		{36203138-BF6E-45B3-875A-643E3F02C67B}.Release|Any CPU.ActiveCfg = Release|Win32
		{36203138-BF6E-45B3-875A-643E3F02C67B}.Release|Mixed Platforms.ActiveCfg = Release|Win32
		{36203138-BF6E-45B3-875A-643E3F02C67B}.Release|Mixed Platforms.Build.0 = Release|Win32
		{36203138-BF6E-45B3-875A-643E3F02C67B}.Release|Win32.ActiveCfg = Release|Win32
		{36203138-BF6E-45B3-875A-643E3F02C67B}.Release|Win32.Build.0 = Release|Win32
		{36203138-BF6E-45B3-875A-643E3F02C67B}.Release|x64.ActiveCfg = Release|x64
		{36203138-BF6E-45B3-875A-643E3F02C67B}.Release|x64.Build.0 = Release|x64
		{36203138-BF6E-45B3-875A-643E3F02C67B}.Release|x86.ActiveCfg = Release|Win32
		{36203138-BF6E-45B3-875A-643E3F02C67B}.SingleImage|Any CPU.ActiveCfg = Debug|Win32
		{36203138-BF6E-45B3-875A-643E3F02C67B}.SingleImage|Mixed Platforms.ActiveCfg = Release|Win32
		{36203138-BF6E-45B3-875A-643E3F02C67B}.SingleImage|Mixed Platforms.Build.0 = Release|Win32
		{36203138-BF6E-45B3-875A-643E3F02C67B}.SingleImage|Win32.ActiveCfg = Release|Win32
		{36203138-BF6E-45B3-875A-643E3F02C67B}.SingleImage|Win32.Build.0 = Release|Win32
		{36203138-BF6E-45B3-875A-643E3F02C67B}.SingleImage|x64.ActiveCfg = Release|x64
		{36203138-BF6E-45B3-875A-643E3F02C67B}.SingleImage|x64.Build.0 = Release|x64
		{36203138-BF6E-45B3-875A-643E3F02C67B}.SingleImage|x86.ActiveCfg = Release|Win32
		{36203138-BF6E-45B3-875A-643E3F02C67B}.SingleImage|x86.Build.0 = Release|Win32
		{E69F861E-86A9-46CC-8C18-0634563566C8}.CD_ROM|Any CPU.ActiveCfg = Debug|x86
		{E69F861E-86A9-46CC-8C18-0634563566C8}.CD_ROM|Mixed Platforms.ActiveCfg = Release|x86
		{E69F861E-86A9-46CC-8C18-0634563566C8}.CD_ROM|Mixed Platforms.Build.0 = Release|x86
		{E69F861E-86A9-46CC-8C18-0634563566C8}.CD_ROM|Win32.ActiveCfg = Release|x86
		{E69F861E-86A9-46CC-8C18-0634563566C8}.CD_ROM|Win32.Build.0 = Release|x86
		{E69F861E-86A9-46CC-8C18-0634563566C8}.CD_ROM|x64.ActiveCfg = Release|x64
		{E69F861E-86A9-46CC-8C18-0634563566C8}.CD_ROM|x64.Build.0 = Release|x64
		{E69F861E-86A9-46CC-8C18-0634563566C8}.CD_ROM|x86.ActiveCfg = Release|x86
		{E69F861E-86A9-46CC-8C18-0634563566C8}.CD_ROM|x86.Build.0 = Release|x86
		{E69F861E-86A9-46CC-8C18-0634563566C8}.Debug|Any CPU.ActiveCfg = Debug|x86
		{E69F861E-86A9-46CC-8C18-0634563566C8}.Debug|Mixed Platforms.ActiveCfg = Debug|x86
		{E69F861E-86A9-46CC-8C18-0634563566C8}.Debug|Mixed Platforms.Build.0 = Debug|x86
		{E69F861E-86A9-46CC-8C18-0634563566C8}.Debug|Win32.ActiveCfg = Debug|x86
		{E69F861E-86A9-46CC-8C18-0634563566C8}.Debug|x64.ActiveCfg = Debug|x64
		{E69F861E-86A9-46CC-8C18-0634563566C8}.Debug|x64.Build.0 = Debug|x64
		{E69F861E-86A9-46CC-8C18-0634563566C8}.Debug|x86.ActiveCfg = Debug|x86
		{E69F861E-86A9-46CC-8C18-0634563566C8}.Debug|x86.Build.0 = Debug|x86
		{E69F861E-86A9-46CC-8C18-0634563566C8}.DVD-5|Any CPU.ActiveCfg = Debug|x86
		{E69F861E-86A9-46CC-8C18-0634563566C8}.DVD-5|Mixed Platforms.ActiveCfg = Debug|x86
		{E69F861E-86A9-46CC-8C18-0634563566C8}.DVD-5|Mixed Platforms.Build.0 = Debug|x86
		{E69F861E-86A9-46CC-8C18-0634563566C8}.DVD-5|Win32.ActiveCfg = Debug|x86
		{E69F861E-86A9-46CC-8C18-0634563566C8}.DVD-5|Win32.Build.0 = Debug|x86
		{E69F861E-86A9-46CC-8C18-0634563566C8}.DVD-5|x64.ActiveCfg = Debug|x64
		{E69F861E-86A9-46CC-8C18-0634563566C8}.DVD-5|x64.Build.0 = Debug|x64
		{E69F861E-86A9-46CC-8C18-0634563566C8}.DVD-5|x86.ActiveCfg = Debug|x86
		{E69F861E-86A9-46CC-8C18-0634563566C8}.DVD-5|x86.Build.0 = Debug|x86
		{E69F861E-86A9-46CC-8C18-0634563566C8}.Release|Any CPU.ActiveCfg = Release|x86
		{E69F861E-86A9-46CC-8C18-0634563566C8}.Release|Mixed Platforms.ActiveCfg = Release|x86
		{E69F861E-86A9-46CC-8C18-0634563566C8}.Release|Mixed Platforms.Build.0 = Release|x86
		{E69F861E-86A9-46CC-8C18-0634563566C8}.Release|Win32.ActiveCfg = Release|x86
		{E69F861E-86A9-46CC-8C18-0634563566C8}.Release|x64.ActiveCfg = Release|x86
		{E69F861E-86A9-46CC-8C18-0634563566C8}.Release|x86.ActiveCfg = Release|x86
		{E69F861E-86A9-46CC-8C18-0634563566C8}.Release|x86.Build.0 = Release|x86
		{E69F861E-86A9-46CC-8C18-0634563566C8}.SingleImage|Any CPU.ActiveCfg = Debug|x86
		{E69F861E-86A9-46CC-8C18-0634563566C8}.SingleImage|Mixed Platforms.ActiveCfg = Release|x86
		{E69F861E-86A9-46CC-8C18-0634563566C8}.SingleImage|Mixed Platforms.Build.0 = Release|x86
		{E69F861E-86A9-46CC-8C18-0634563566C8}.SingleImage|Win32.ActiveCfg = Release|x86
		{E69F861E-86A9-46CC-8C18-0634563566C8}.SingleImage|Win32.Build.0 = Release|x86
		{E69F861E-86A9-46CC-8C18-0634563566C8}.SingleImage|x64.ActiveCfg = Release|x64
		{E69F861E-86A9-46CC-8C18-0634563566C8}.SingleImage|x64.Build.0 = Release|x64
		{E69F861E-86A9-46CC-8C18-0634563566C8}.SingleImage|x86.ActiveCfg = Release|x86
		{E69F861E-86A9-46CC-8C18-0634563566C8}.SingleImage|x86.Build.0 = Release|x86
		{9E93A30A-B74F-4693-A83F-20CD4BF0EE27}.CD_ROM|Any CPU.ActiveCfg = Release|Any CPU
		{9E93A30A-B74F-4693-A83F-20CD4BF0EE27}.CD_ROM|Any CPU.Build.0 = Release|Any CPU
		{9E93A30A-B74F-4693-A83F-20CD4BF0EE27}.CD_ROM|Mixed Platforms.ActiveCfg = Release|Any CPU
		{9E93A30A-B74F-4693-A83F-20CD4BF0EE27}.CD_ROM|Mixed Platforms.Build.0 = Release|Any CPU
		{9E93A30A-B74F-4693-A83F-20CD4BF0EE27}.CD_ROM|Win32.ActiveCfg = Release|Any CPU
		{9E93A30A-B74F-4693-A83F-20CD4BF0EE27}.CD_ROM|x64.ActiveCfg = Release|Any CPU
		{9E93A30A-B74F-4693-A83F-20CD4BF0EE27}.CD_ROM|x86.ActiveCfg = Release|Any CPU
		{9E93A30A-B74F-4693-A83F-20CD4BF0EE27}.Debug|Any CPU.ActiveCfg = Debug|Any CPU
		{9E93A30A-B74F-4693-A83F-20CD4BF0EE27}.Debug|Any CPU.Build.0 = Debug|Any CPU
		{9E93A30A-B74F-4693-A83F-20CD4BF0EE27}.Debug|Mixed Platforms.ActiveCfg = Debug|Any CPU
		{9E93A30A-B74F-4693-A83F-20CD4BF0EE27}.Debug|Mixed Platforms.Build.0 = Debug|Any CPU
		{9E93A30A-B74F-4693-A83F-20CD4BF0EE27}.Debug|Win32.ActiveCfg = Debug|Any CPU
		{9E93A30A-B74F-4693-A83F-20CD4BF0EE27}.Debug|x64.ActiveCfg = Debug|Any CPU
		{9E93A30A-B74F-4693-A83F-20CD4BF0EE27}.Debug|x86.ActiveCfg = Debug|Any CPU
		{9E93A30A-B74F-4693-A83F-20CD4BF0EE27}.DVD-5|Any CPU.ActiveCfg = Debug|Any CPU
		{9E93A30A-B74F-4693-A83F-20CD4BF0EE27}.DVD-5|Any CPU.Build.0 = Debug|Any CPU
		{9E93A30A-B74F-4693-A83F-20CD4BF0EE27}.DVD-5|Mixed Platforms.ActiveCfg = Debug|Any CPU
		{9E93A30A-B74F-4693-A83F-20CD4BF0EE27}.DVD-5|Mixed Platforms.Build.0 = Debug|Any CPU
		{9E93A30A-B74F-4693-A83F-20CD4BF0EE27}.DVD-5|Win32.ActiveCfg = Debug|Any CPU
		{9E93A30A-B74F-4693-A83F-20CD4BF0EE27}.DVD-5|x64.ActiveCfg = Debug|Any CPU
		{9E93A30A-B74F-4693-A83F-20CD4BF0EE27}.DVD-5|x86.ActiveCfg = Debug|Any CPU
		{9E93A30A-B74F-4693-A83F-20CD4BF0EE27}.Release|Any CPU.ActiveCfg = Release|Any CPU
		{9E93A30A-B74F-4693-A83F-20CD4BF0EE27}.Release|Any CPU.Build.0 = Release|Any CPU
		{9E93A30A-B74F-4693-A83F-20CD4BF0EE27}.Release|Mixed Platforms.ActiveCfg = Release|Any CPU
		{9E93A30A-B74F-4693-A83F-20CD4BF0EE27}.Release|Mixed Platforms.Build.0 = Release|Any CPU
		{9E93A30A-B74F-4693-A83F-20CD4BF0EE27}.Release|Win32.ActiveCfg = Release|Any CPU
		{9E93A30A-B74F-4693-A83F-20CD4BF0EE27}.Release|x64.ActiveCfg = Release|Any CPU
		{9E93A30A-B74F-4693-A83F-20CD4BF0EE27}.Release|x86.ActiveCfg = Release|Any CPU
		{9E93A30A-B74F-4693-A83F-20CD4BF0EE27}.SingleImage|Any CPU.ActiveCfg = Release|Any CPU
		{9E93A30A-B74F-4693-A83F-20CD4BF0EE27}.SingleImage|Any CPU.Build.0 = Release|Any CPU
		{9E93A30A-B74F-4693-A83F-20CD4BF0EE27}.SingleImage|Mixed Platforms.ActiveCfg = Release|Any CPU
		{9E93A30A-B74F-4693-A83F-20CD4BF0EE27}.SingleImage|Mixed Platforms.Build.0 = Release|Any CPU
		{9E93A30A-B74F-4693-A83F-20CD4BF0EE27}.SingleImage|Win32.ActiveCfg = Release|Any CPU
		{9E93A30A-B74F-4693-A83F-20CD4BF0EE27}.SingleImage|x64.ActiveCfg = Release|Any CPU
		{9E93A30A-B74F-4693-A83F-20CD4BF0EE27}.SingleImage|x86.ActiveCfg = Release|Any CPU
	EndGlobalSection
	GlobalSection(SolutionProperties) = preSolution
		HideSolutionNode = FALSE
	EndGlobalSection
	GlobalSection(ExtensibilityGlobals) = postSolution
		SolutionGuid = {E2A41B50-61E4-4FF5-95F4-0F000F86757A}
	EndGlobalSection
EndGlobal
